
Microsoft Visual Studio Solution File, Format Version 12.00
# Visual Studio Version 17
VisualStudioVersion = 17.7.34009.444
MinimumVisualStudioVersion = 10.0.40219.1
Project("{FAE04EC0-301F-11D3-BF4B-00C04F79EFBC}") = "WinFormsApp1", "..\WinFormsApp1\WinFormsApp1.csproj", "{A71D499C-3894-487A-85B3-272E16DF0750}"
EndProject
Global
	GlobalSection(SolutionConfigurationPlatforms) = preSolution
		Debug|Any CPU = Debug|Any CPU
		Release|Any CPU = Release|Any CPU
	EndGlobalSection
	GlobalSection(ProjectConfigurationPlatforms) = postSolution
		{A71D499C-3894-487A-85B3-272E16DF0750}.Debug|Any CPU.ActiveCfg = Debug|Any CPU
		{A71D499C-3894-487A-85B3-272E16DF0750}.Debug|Any CPU.Build.0 = Debug|Any CPU
		{A71D499C-3894-487A-85B3-272E16DF0750}.Release|Any CPU.ActiveCfg = Release|Any CPU
		{A71D499C-3894-487A-85B3-272E16DF0750}.Release|Any CPU.Build.0 = Release|Any CPU
	EndGlobalSection
	GlobalSection(SolutionProperties) = preSolution
		HideSolutionNode = FALSE
	EndGlobalSection
	GlobalSection(ExtensibilityGlobals) = postSolution
		SolutionGuid = {E19C232E-79E5-4B31-99C3-CDBC63F25630}
	EndGlobalSection
EndGlobal
